<?xml version="1.0" encoding="utf-8"?>
<Project ToolsVersion="4.0" xmlns="http://schemas.microsoft.com/developer/msbuild/2003">
  <ItemGroup>
    <Filter Include="Source Files">
      <UniqueIdentifier>{4FC737F1-C7A5-4376-A066-2A32D752A2FF}</UniqueIdentifier>
      <Extensions>cpp;c;cc;cxx;c++;cppm;ixx;def;odl;idl;hpj;bat;asm;asmx</Extensions>
    </Filter>
    <Filter Include="Header Files">
      <UniqueIdentifier>{93995380-89BD-4b04-88EB-625FBE52EBFB}</UniqueIdentifier>
      <Extensions>h;hh;hpp;hxx;h++;hm;inl;inc;ipp;xsd</Extensions>
    </Filter>
    <Filter Include="Resource Files">
      <UniqueIdentifier>{67DA6AB6-F800-4c08-8B7A-83BB121AAD01}</UniqueIdentifier>
      <Extensions>rc;ico;cur;bmp;dlg;rc2;rct;bin;rgs;gif;jpg;jpeg;jpe;resx;tiff;tif;png;wav;mfcribbon-ms</Extensions>
    </Filter>
  </ItemGroup>
  <ItemGroup>
    <ClCompile Include="CPPEuObject.cpp">
      <Filter>Source Files</Filter>
    </ClCompile>
    <ClCompile Include="pch.c">
      <Filter>Source Files</Filter>
    </ClCompile>
    <ClCompile Include="modules\be_funcs.c">
      <Filter>Source Files</Filter>
    </ClCompile>
    <ClCompile Include="modules\be_math.c">
      <Filter>Source Files</Filter>
    </ClCompile>
    <ClCompile Include="modules\be_quad.c">
      <Filter>Source Files</Filter>
    </ClCompile>
    <ClCompile Include="eu\be_eu.c">
      <Filter>Source Files</Filter>
    </ClCompile>
  </ItemGroup>
  <ItemGroup>
    <ClInclude Include="libquadmath\quadmath.h">
      <Filter>Header Files</Filter>
    </ClInclude>
    <ClInclude Include="alldefs.h">
      <Filter>Header Files</Filter>
    </ClInclude>
    <ClInclude Include="eu.hpp">
      <Filter>Header Files</Filter>
    </ClInclude>
    <ClInclude Include="pch.h">
      <Filter>Header Files</Filter>
    </ClInclude>
    <ClInclude Include="eu\Atom.hpp">
      <Filter>Header Files</Filter>
    </ClInclude>
    <ClInclude Include="eu\Integer.hpp">
      <Filter>Header Files</Filter>
    </ClInclude>
    <ClInclude Include="eu\Object.hpp">
      <Filter>Header Files</Filter>
    </ClInclude>
    <ClInclude Include="eu\Sequence.hpp">
      <Filter>Header Files</Filter>
    </ClInclude>
    <ClInclude Include="modules\be_funcs.h">
      <Filter>Header Files</Filter>
    </ClInclude>
    <ClInclude Include="modules\be_math.h">
      <Filter>Header Files</Filter>
    </ClInclude>
    <ClInclude Include="modules\be_quad.h">
      <Filter>Header Files</Filter>
    </ClInclude>
    <ClInclude Include="modules\euquad.hpp">
      <Filter>Header Files</Filter>
    </ClInclude>
    <ClInclude Include="modules\eufuncs.hpp">
      <Filter>Header Files</Filter>
    </ClInclude>
    <ClInclude Include="modules\eumath.hpp">
      <Filter>Header Files</Filter>
    </ClInclude>
    <ClInclude Include="eu\alltypes.hpp">
      <Filter>Header Files</Filter>
    </ClInclude>
    <ClInclude Include="eu\base_class.hpp">
      <Filter>Header Files</Filter>
    </ClInclude>
    <ClInclude Include="eu\be_eu.h">
      <Filter>Header Files</Filter>
    </ClInclude>
  </ItemGroup>
</Project>